
Microsoft Visual Studio Solution File, Format Version 12.00
# Visual Studio Version 17
VisualStudioVersion = 17.1.32228.430
MinimumVisualStudioVersion = 10.0.40219.1
Project("{9A19103F-16F7-4668-BE54-9A1E7A4F7556}") = "VacationRental.Api", "VacationRental.Api\VacationRental.Api.csproj", "{DD8014EA-D852-4BCB-8FAD-A4669B57433E}"
EndProject
Project("{9A19103F-16F7-4668-BE54-9A1E7A4F7556}") = "VacationRental.Api.Tests", "VacationRental.Api.Tests\VacationRental.Api.Tests.csproj", "{A627ECDD-1EB4-4C7F-BDA9-5CFF13004A9A}"
EndProject
Global
	GlobalSection(SolutionConfigurationPlatforms) = preSolution
		Debug|Any CPU = Debug|Any CPU
		Release|Any CPU = Release|Any CPU
	EndGlobalSection
	GlobalSection(ProjectConfigurationPlatforms) = postSolution
		{DD8014EA-D852-4BCB-8FAD-A4669B57433E}.Debug|Any CPU.ActiveCfg = Debug|Any CPU
		{DD8014EA-D852-4BCB-8FAD-A4669B57433E}.Debug|Any CPU.Build.0 = Debug|Any CPU
		{DD8014EA-D852-4BCB-8FAD-A4669B57433E}.Release|Any CPU.ActiveCfg = Release|Any CPU
		{DD8014EA-D852-4BCB-8FAD-A4669B57433E}.Release|Any CPU.Build.0 = Release|Any CPU
		{A627ECDD-1EB4-4C7F-BDA9-5CFF13004A9A}.Debug|Any CPU.ActiveCfg = Debug|Any CPU
		{A627ECDD-1EB4-4C7F-BDA9-5CFF13004A9A}.Debug|Any CPU.Build.0 = Debug|Any CPU
		{A627ECDD-1EB4-4C7F-BDA9-5CFF13004A9A}.Release|Any CPU.ActiveCfg = Release|Any CPU
		{A627ECDD-1EB4-4C7F-BDA9-5CFF13004A9A}.Release|Any CPU.Build.0 = Release|Any CPU
	EndGlobalSection
	GlobalSection(SolutionProperties) = preSolution
		HideSolutionNode = FALSE
	EndGlobalSection
	GlobalSection(ExtensibilityGlobals) = postSolution
		SolutionGuid = {74D03F5A-ECB9-4A99-BB53-5A3465F2EFC6}
	EndGlobalSection
EndGlobal
